// !$*UTF8*$!
{
	archiveVersion = 1;
	classes = {
	};
	objectVersion = 56;
	objects = {

/* Begin PBXBuildFile section */
		183EC5662B12184B00848FE2 /* OpenAI_TTSApp.swift in Sources */ = {isa = PBXBuildFile; fileRef = 183EC5652B12184B00848FE2 /* OpenAI_TTSApp.swift */; };
		183EC5682B12184B00848FE2 /* ContentView.swift in Sources */ = {isa = PBXBuildFile; fileRef = 183EC5672B12184B00848FE2 /* ContentView.swift */; };
		183EC56A2B12184C00848FE2 /* Assets.xcassets in Resources */ = {isa = PBXBuildFile; fileRef = 183EC5692B12184C00848FE2 /* Assets.xcassets */; };
		183EC56D2B12184C00848FE2 /* Preview Assets.xcassets in Resources */ = {isa = PBXBuildFile; fileRef = 183EC56C2B12184C00848FE2 /* Preview Assets.xcassets */; };
		183EC5772B12184C00848FE2 /* OpenAI_TTSTests.swift in Sources */ = {isa = PBXBuildFile; fileRef = 183EC5762B12184C00848FE2 /* OpenAI_TTSTests.swift */; };
		183EC5812B12184C00848FE2 /* OpenAI_TTSUITests.swift in Sources */ = {isa = PBXBuildFile; fileRef = 183EC5802B12184C00848FE2 /* OpenAI_TTSUITests.swift */; };
		183EC5832B12184C00848FE2 /* OpenAI_TTSUITestsLaunchTests.swift in Sources */ = {isa = PBXBuildFile; fileRef = 183EC5822B12184C00848FE2 /* OpenAI_TTSUITestsLaunchTests.swift */; };
		1852F7242B121DB100CEE594 /* PrimaryButtonStyle.swift in Sources */ = {isa = PBXBuildFile; fileRef = 1852F7232B121DB100CEE594 /* PrimaryButtonStyle.swift */; };
		1852F7262B1222C100CEE594 /* SettingsView.swift in Sources */ = {isa = PBXBuildFile; fileRef = 1852F7252B1222C100CEE594 /* SettingsView.swift */; };
		1852F7282B12263400CEE594 /* AudioPlayerDelegate.swift in Sources */ = {isa = PBXBuildFile; fileRef = 1852F7272B12263400CEE594 /* AudioPlayerDelegate.swift */; };
		1852F72C2B122D0600CEE594 /* MainView.swift in Sources */ = {isa = PBXBuildFile; fileRef = 1852F72B2B122D0600CEE594 /* MainView.swift */; };
		1852F72E2B122D8E00CEE594 /* StartView.swift in Sources */ = {isa = PBXBuildFile; fileRef = 1852F72D2B122D8E00CEE594 /* StartView.swift */; };
		1852F7302B122DA200CEE594 /* WelcomeView.swift in Sources */ = {isa = PBXBuildFile; fileRef = 1852F72F2B122DA200CEE594 /* WelcomeView.swift */; };
		1852F7322B122DB300CEE594 /* AnimatedBackground.swift in Sources */ = {isa = PBXBuildFile; fileRef = 1852F7312B122DB300CEE594 /* AnimatedBackground.swift */; };
		1852F7342B123CB800CEE594 /* TextEditorView.swift in Sources */ = {isa = PBXBuildFile; fileRef = 1852F7332B123CB800CEE594 /* TextEditorView.swift */; };
/* End PBXBuildFile section */

/* Begin PBXContainerItemProxy section */
		183EC5732B12184C00848FE2 /* PBXContainerItemProxy */ = {
			isa = PBXContainerItemProxy;
			containerPortal = 183EC55A2B12184B00848FE2 /* Project object */;
			proxyType = 1;
			remoteGlobalIDString = 183EC5612B12184B00848FE2;
			remoteInfo = "OpenAI-TTS";
		};
		183EC57D2B12184C00848FE2 /* PBXContainerItemProxy */ = {
			isa = PBXContainerItemProxy;
			containerPortal = 183EC55A2B12184B00848FE2 /* Project object */;
			proxyType = 1;
			remoteGlobalIDString = 183EC5612B12184B00848FE2;
			remoteInfo = "OpenAI-TTS";
		};
/* End PBXContainerItemProxy section */

/* Begin PBXFileReference section */
		183EC5622B12184B00848FE2 /* OpenAI-TTS.app */ = {isa = PBXFileReference; explicitFileType = wrapper.application; includeInIndex = 0; path = "OpenAI-TTS.app"; sourceTree = BUILT_PRODUCTS_DIR; };
		183EC5652B12184B00848FE2 /* OpenAI_TTSApp.swift */ = {isa = PBXFileReference; lastKnownFileType = sourcecode.swift; path = OpenAI_TTSApp.swift; sourceTree = "<group>"; };
		183EC5672B12184B00848FE2 /* ContentView.swift */ = {isa = PBXFileReference; lastKnownFileType = sourcecode.swift; path = ContentView.swift; sourceTree = "<group>"; };
		183EC5692B12184C00848FE2 /* Assets.xcassets */ = {isa = PBXFileReference; lastKnownFileType = folder.assetcatalog; path = Assets.xcassets; sourceTree = "<group>"; };
		183EC56C2B12184C00848FE2 /* Preview Assets.xcassets */ = {isa = PBXFileReference; lastKnownFileType = folder.assetcatalog; path = "Preview Assets.xcassets"; sourceTree = "<group>"; };
		183EC5722B12184C00848FE2 /* OpenAI-TTSTests.xctest */ = {isa = PBXFileReference; explicitFileType = wrapper.cfbundle; includeInIndex = 0; path = "OpenAI-TTSTests.xctest"; sourceTree = BUILT_PRODUCTS_DIR; };
		183EC5762B12184C00848FE2 /* OpenAI_TTSTests.swift */ = {isa = PBXFileReference; lastKnownFileType = sourcecode.swift; path = OpenAI_TTSTests.swift; sourceTree = "<group>"; };
		183EC57C2B12184C00848FE2 /* OpenAI-TTSUITests.xctest */ = {isa = PBXFileReference; explicitFileType = wrapper.cfbundle; includeInIndex = 0; path = "OpenAI-TTSUITests.xctest"; sourceTree = BUILT_PRODUCTS_DIR; };
		183EC5802B12184C00848FE2 /* OpenAI_TTSUITests.swift */ = {isa = PBXFileReference; lastKnownFileType = sourcecode.swift; path = OpenAI_TTSUITests.swift; sourceTree = "<group>"; };
		183EC5822B12184C00848FE2 /* OpenAI_TTSUITestsLaunchTests.swift */ = {isa = PBXFileReference; lastKnownFileType = sourcecode.swift; path = OpenAI_TTSUITestsLaunchTests.swift; sourceTree = "<group>"; };
		1852F7232B121DB100CEE594 /* PrimaryButtonStyle.swift */ = {isa = PBXFileReference; lastKnownFileType = sourcecode.swift; path = PrimaryButtonStyle.swift; sourceTree = "<group>"; };
		1852F7252B1222C100CEE594 /* SettingsView.swift */ = {isa = PBXFileReference; lastKnownFileType = sourcecode.swift; path = SettingsView.swift; sourceTree = "<group>"; };
		1852F7272B12263400CEE594 /* AudioPlayerDelegate.swift */ = {isa = PBXFileReference; lastKnownFileType = sourcecode.swift; path = AudioPlayerDelegate.swift; sourceTree = "<group>"; };
		1852F72B2B122D0600CEE594 /* MainView.swift */ = {isa = PBXFileReference; lastKnownFileType = sourcecode.swift; path = MainView.swift; sourceTree = "<group>"; };
		1852F72D2B122D8E00CEE594 /* StartView.swift */ = {isa = PBXFileReference; lastKnownFileType = sourcecode.swift; path = StartView.swift; sourceTree = "<group>"; };
		1852F72F2B122DA200CEE594 /* WelcomeView.swift */ = {isa = PBXFileReference; lastKnownFileType = sourcecode.swift; path = WelcomeView.swift; sourceTree = "<group>"; };
		1852F7312B122DB300CEE594 /* AnimatedBackground.swift */ = {isa = PBXFileReference; lastKnownFileType = sourcecode.swift; path = AnimatedBackground.swift; sourceTree = "<group>"; };
		1852F7332B123CB800CEE594 /* TextEditorView.swift */ = {isa = PBXFileReference; lastKnownFileType = sourcecode.swift; path = TextEditorView.swift; sourceTree = "<group>"; };
/* End PBXFileReference section */

/* Begin PBXFrameworksBuildPhase section */
		183EC55F2B12184B00848FE2 /* Frameworks */ = {
			isa = PBXFrameworksBuildPhase;
			buildActionMask = 2147483647;
			files = (
			);
			runOnlyForDeploymentPostprocessing = 0;
		};
		183EC56F2B12184C00848FE2 /* Frameworks */ = {
			isa = PBXFrameworksBuildPhase;
			buildActionMask = 2147483647;
			files = (
			);
			runOnlyForDeploymentPostprocessing = 0;
		};
		183EC5792B12184C00848FE2 /* Frameworks */ = {
			isa = PBXFrameworksBuildPhase;
			buildActionMask = 2147483647;
			files = (
			);
			runOnlyForDeploymentPostprocessing = 0;
		};
/* End PBXFrameworksBuildPhase section */

/* Begin PBXGroup section */
		183EC5592B12184B00848FE2 = {
			isa = PBXGroup;
			children = (
				183EC5642B12184B00848FE2 /* OpenAI-TTS */,
				183EC5752B12184C00848FE2 /* OpenAI-TTSTests */,
				183EC57F2B12184C00848FE2 /* OpenAI-TTSUITests */,
				183EC5632B12184B00848FE2 /* Products */,
			);
			sourceTree = "<group>";
		};
		183EC5632B12184B00848FE2 /* Products */ = {
			isa = PBXGroup;
			children = (
				183EC5622B12184B00848FE2 /* OpenAI-TTS.app */,
				183EC5722B12184C00848FE2 /* OpenAI-TTSTests.xctest */,
				183EC57C2B12184C00848FE2 /* OpenAI-TTSUITests.xctest */,
			);
			name = Products;
			sourceTree = "<group>";
		};
		183EC5642B12184B00848FE2 /* OpenAI-TTS */ = {
			isa = PBXGroup;
			children = (
				183EC5652B12184B00848FE2 /* OpenAI_TTSApp.swift */,
				183EC5672B12184B00848FE2 /* ContentView.swift */,
				183EC5692B12184C00848FE2 /* Assets.xcassets */,
				183EC56B2B12184C00848FE2 /* Preview Content */,
				1852F7232B121DB100CEE594 /* PrimaryButtonStyle.swift */,
				1852F7252B1222C100CEE594 /* SettingsView.swift */,
				1852F7272B12263400CEE594 /* AudioPlayerDelegate.swift */,
				1852F72B2B122D0600CEE594 /* MainView.swift */,
				1852F72D2B122D8E00CEE594 /* StartView.swift */,
				1852F72F2B122DA200CEE594 /* WelcomeView.swift */,
				1852F7312B122DB300CEE594 /* AnimatedBackground.swift */,
				1852F7332B123CB800CEE594 /* TextEditorView.swift */,
			);
			path = "OpenAI-TTS";
			sourceTree = "<group>";
		};
		183EC56B2B12184C00848FE2 /* Preview Content */ = {
			isa = PBXGroup;
			children = (
				183EC56C2B12184C00848FE2 /* Preview Assets.xcassets */,
			);
			path = "Preview Content";
			sourceTree = "<group>";
		};
		183EC5752B12184C00848FE2 /* OpenAI-TTSTests */ = {
			isa = PBXGroup;
			children = (
				183EC5762B12184C00848FE2 /* OpenAI_TTSTests.swift */,
			);
			path = "OpenAI-TTSTests";
			sourceTree = "<group>";
		};
		183EC57F2B12184C00848FE2 /* OpenAI-TTSUITests */ = {
			isa = PBXGroup;
			children = (
				183EC5802B12184C00848FE2 /* OpenAI_TTSUITests.swift */,
				183EC5822B12184C00848FE2 /* OpenAI_TTSUITestsLaunchTests.swift */,
			);
			path = "OpenAI-TTSUITests";
			sourceTree = "<group>";
		};
/* End PBXGroup section */

/* Begin PBXNativeTarget section */
		183EC5612B12184B00848FE2 /* OpenAI-TTS */ = {
			isa = PBXNativeTarget;
			buildConfigurationList = 183EC5862B12184C00848FE2 /* Build configuration list for PBXNativeTarget "OpenAI-TTS" */;
			buildPhases = (
				183EC55E2B12184B00848FE2 /* Sources */,
				183EC55F2B12184B00848FE2 /* Frameworks */,
				183EC5602B12184B00848FE2 /* Resources */,
			);
			buildRules = (
			);
			dependencies = (
			);
			name = "OpenAI-TTS";
			productName = "OpenAI-TTS";
			productReference = 183EC5622B12184B00848FE2 /* OpenAI-TTS.app */;
			productType = "com.apple.product-type.application";
		};
		183EC5712B12184C00848FE2 /* OpenAI-TTSTests */ = {
			isa = PBXNativeTarget;
			buildConfigurationList = 183EC5892B12184C00848FE2 /* Build configuration list for PBXNativeTarget "OpenAI-TTSTests" */;
			buildPhases = (
				183EC56E2B12184C00848FE2 /* Sources */,
				183EC56F2B12184C00848FE2 /* Frameworks */,
				183EC5702B12184C00848FE2 /* Resources */,
			);
			buildRules = (
			);
			dependencies = (
				183EC5742B12184C00848FE2 /* PBXTargetDependency */,
			);
			name = "OpenAI-TTSTests";
			productName = "OpenAI-TTSTests";
			productReference = 183EC5722B12184C00848FE2 /* OpenAI-TTSTests.xctest */;
			productType = "com.apple.product-type.bundle.unit-test";
		};
		183EC57B2B12184C00848FE2 /* OpenAI-TTSUITests */ = {
			isa = PBXNativeTarget;
			buildConfigurationList = 183EC58C2B12184C00848FE2 /* Build configuration list for PBXNativeTarget "OpenAI-TTSUITests" */;
			buildPhases = (
				183EC5782B12184C00848FE2 /* Sources */,
				183EC5792B12184C00848FE2 /* Frameworks */,
				183EC57A2B12184C00848FE2 /* Resources */,
			);
			buildRules = (
			);
			dependencies = (
				183EC57E2B12184C00848FE2 /* PBXTargetDependency */,
			);
			name = "OpenAI-TTSUITests";
			productName = "OpenAI-TTSUITests";
			productReference = 183EC57C2B12184C00848FE2 /* OpenAI-TTSUITests.xctest */;
			productType = "com.apple.product-type.bundle.ui-testing";
		};
/* End PBXNativeTarget section */

/* Begin PBXProject section */
		183EC55A2B12184B00848FE2 /* Project object */ = {
			isa = PBXProject;
			attributes = {
				BuildIndependentTargetsInParallel = 1;
				LastSwiftUpdateCheck = 1500;
				LastUpgradeCheck = 1500;
				TargetAttributes = {
					183EC5612B12184B00848FE2 = {
						CreatedOnToolsVersion = 15.0.1;
					};
					183EC5712B12184C00848FE2 = {
						CreatedOnToolsVersion = 15.0.1;
						TestTargetID = 183EC5612B12184B00848FE2;
					};
					183EC57B2B12184C00848FE2 = {
						CreatedOnToolsVersion = 15.0.1;
						TestTargetID = 183EC5612B12184B00848FE2;
					};
				};
			};
			buildConfigurationList = 183EC55D2B12184B00848FE2 /* Build configuration list for PBXProject "OpenAI-TTS" */;
			compatibilityVersion = "Xcode 14.0";
			developmentRegion = en;
			hasScannedForEncodings = 0;
			knownRegions = (
				en,
				Base,
			);
			mainGroup = 183EC5592B12184B00848FE2;
			productRefGroup = 183EC5632B12184B00848FE2 /* Products */;
			projectDirPath = "";
			projectRoot = "";
			targets = (
				183EC5612B12184B00848FE2 /* OpenAI-TTS */,
				183EC5712B12184C00848FE2 /* OpenAI-TTSTests */,
				183EC57B2B12184C00848FE2 /* OpenAI-TTSUITests */,
			);
		};
/* End PBXProject section */

/* Begin PBXResourcesBuildPhase section */
		183EC5602B12184B00848FE2 /* Resources */ = {
			isa = PBXResourcesBuildPhase;
			buildActionMask = 2147483647;
			files = (
				183EC56D2B12184C00848FE2 /* Preview Assets.xcassets in Resources */,
				183EC56A2B12184C00848FE2 /* Assets.xcassets in Resources */,
			);
			runOnlyForDeploymentPostprocessing = 0;
		};
		183EC5702B12184C00848FE2 /* Resources */ = {
			isa = PBXResourcesBuildPhase;
			buildActionMask = 2147483647;
			files = (
			);
			runOnlyForDeploymentPostprocessing = 0;
		};
		183EC57A2B12184C00848FE2 /* Resources */ = {
			isa = PBXResourcesBuildPhase;
			buildActionMask = 2147483647;
			files = (
			);
			runOnlyForDeploymentPostprocessing = 0;
		};
/* End PBXResourcesBuildPhase section */

/* Begin PBXSourcesBuildPhase section */
		183EC55E2B12184B00848FE2 /* Sources */ = {
			isa = PBXSourcesBuildPhase;
			buildActionMask = 2147483647;
			files = (
				1852F7242B121DB100CEE594 /* PrimaryButtonStyle.swift in Sources */,
				1852F7322B122DB300CEE594 /* AnimatedBackground.swift in Sources */,
				1852F72C2B122D0600CEE594 /* MainView.swift in Sources */,
				1852F7262B1222C100CEE594 /* SettingsView.swift in Sources */,
				1852F7302B122DA200CEE594 /* WelcomeView.swift in Sources */,
				1852F7282B12263400CEE594 /* AudioPlayerDelegate.swift in Sources */,
				183EC5682B12184B00848FE2 /* ContentView.swift in Sources */,
				183EC5662B12184B00848FE2 /* OpenAI_TTSApp.swift in Sources */,
				1852F7342B123CB800CEE594 /* TextEditorView.swift in Sources */,
				1852F72E2B122D8E00CEE594 /* StartView.swift in Sources */,
			);
			runOnlyForDeploymentPostprocessing = 0;
		};
		183EC56E2B12184C00848FE2 /* Sources */ = {
			isa = PBXSourcesBuildPhase;
			buildActionMask = 2147483647;
			files = (
				183EC5772B12184C00848FE2 /* OpenAI_TTSTests.swift in Sources */,
			);
			runOnlyForDeploymentPostprocessing = 0;
		};
		183EC5782B12184C00848FE2 /* Sources */ = {
			isa = PBXSourcesBuildPhase;
			buildActionMask = 2147483647;
			files = (
				183EC5832B12184C00848FE2 /* OpenAI_TTSUITestsLaunchTests.swift in Sources */,
				183EC5812B12184C00848FE2 /* OpenAI_TTSUITests.swift in Sources */,
			);
			runOnlyForDeploymentPostprocessing = 0;
		};
/* End PBXSourcesBuildPhase section */

/* Begin PBXTargetDependency section */
		183EC5742B12184C00848FE2 /* PBXTargetDependency */ = {
			isa = PBXTargetDependency;
			target = 183EC5612B12184B00848FE2 /* OpenAI-TTS */;
			targetProxy = 183EC5732B12184C00848FE2 /* PBXContainerItemProxy */;
		};
		183EC57E2B12184C00848FE2 /* PBXTargetDependency */ = {
			isa = PBXTargetDependency;
			target = 183EC5612B12184B00848FE2 /* OpenAI-TTS */;
			targetProxy = 183EC57D2B12184C00848FE2 /* PBXContainerItemProxy */;
		};
/* End PBXTargetDependency section */

/* Begin XCBuildConfiguration section */
		183EC5842B12184C00848FE2 /* Debug */ = {
			isa = XCBuildConfiguration;
			buildSettings = {
				ALWAYS_SEARCH_USER_PATHS = NO;
				ASSETCATALOG_COMPILER_GENERATE_SWIFT_ASSET_SYMBOL_EXTENSIONS = YES;
				CLANG_ANALYZER_NONNULL = YES;
				CLANG_ANALYZER_NUMBER_OBJECT_CONVERSION = YES_AGGRESSIVE;
				CLANG_CXX_LANGUAGE_STANDARD = "gnu++20";
				CLANG_ENABLE_MODULES = YES;
				CLANG_ENABLE_OBJC_ARC = YES;
				CLANG_ENABLE_OBJC_WEAK = YES;
				CLANG_WARN_BLOCK_CAPTURE_AUTORELEASING = YES;
				CLANG_WARN_BOOL_CONVERSION = YES;
				CLANG_WARN_COMMA = YES;
				CLANG_WARN_CONSTANT_CONVERSION = YES;
				CLANG_WARN_DEPRECATED_OBJC_IMPLEMENTATIONS = YES;
				CLANG_WARN_DIRECT_OBJC_ISA_USAGE = YES_ERROR;
				CLANG_WARN_DOCUMENTATION_COMMENTS = YES;
				CLANG_WARN_EMPTY_BODY = YES;
				CLANG_WARN_ENUM_CONVERSION = YES;
				CLANG_WARN_INFINITE_RECURSION = YES;
				CLANG_WARN_INT_CONVERSION = YES;
				CLANG_WARN_NON_LITERAL_NULL_CONVERSION = YES;
				CLANG_WARN_OBJC_IMPLICIT_RETAIN_SELF = YES;
				CLANG_WARN_OBJC_LITERAL_CONVERSION = YES;
				CLANG_WARN_OBJC_ROOT_CLASS = YES_ERROR;
				CLANG_WARN_QUOTED_INCLUDE_IN_FRAMEWORK_HEADER = YES;
				CLANG_WARN_RANGE_LOOP_ANALYSIS = YES;
				CLANG_WARN_STRICT_PROTOTYPES = YES;
				CLANG_WARN_SUSPICIOUS_MOVE = YES;
				CLANG_WARN_UNGUARDED_AVAILABILITY = YES_AGGRESSIVE;
				CLANG_WARN_UNREACHABLE_CODE = YES;
				CLANG_WARN__DUPLICATE_METHOD_MATCH = YES;
				COPY_PHASE_STRIP = NO;
				DEBUG_INFORMATION_FORMAT = dwarf;
				ENABLE_STRICT_OBJC_MSGSEND = YES;
				ENABLE_TESTABILITY = YES;
				ENABLE_USER_SCRIPT_SANDBOXING = YES;
				GCC_C_LANGUAGE_STANDARD = gnu17;
				GCC_DYNAMIC_NO_PIC = NO;
				GCC_NO_COMMON_BLOCKS = YES;
				GCC_OPTIMIZATION_LEVEL = 0;
				GCC_PREPROCESSOR_DEFINITIONS = (
					"DEBUG=1",
					"$(inherited)",
				);
				GCC_WARN_64_TO_32_BIT_CONVERSION = YES;
				GCC_WARN_ABOUT_RETURN_TYPE = YES_ERROR;
				GCC_WARN_UNDECLARED_SELECTOR = YES;
				GCC_WARN_UNINITIALIZED_AUTOS = YES_AGGRESSIVE;
				GCC_WARN_UNUSED_FUNCTION = YES;
				GCC_WARN_UNUSED_VARIABLE = YES;
				IPHONEOS_DEPLOYMENT_TARGET = 17.0;
				LOCALIZATION_PREFERS_STRING_CATALOGS = YES;
				MTL_ENABLE_DEBUG_INFO = INCLUDE_SOURCE;
				MTL_FAST_MATH = YES;
				ONLY_ACTIVE_ARCH = YES;
				SDKROOT = iphoneos;
				SWIFT_ACTIVE_COMPILATION_CONDITIONS = "DEBUG $(inherited)";
				SWIFT_OPTIMIZATION_LEVEL = "-Onone";
			};
			name = Debug;
		};
		183EC5852B12184C00848FE2 /* Release */ = {
			isa = XCBuildConfiguration;
			buildSettings = {
				ALWAYS_SEARCH_USER_PATHS = NO;
				ASSETCATALOG_COMPILER_GENERATE_SWIFT_ASSET_SYMBOL_EXTENSIONS = YES;
				CLANG_ANALYZER_NONNULL = YES;
				CLANG_ANALYZER_NUMBER_OBJECT_CONVERSION = YES_AGGRESSIVE;
				CLANG_CXX_LANGUAGE_STANDARD = "gnu++20";
				CLANG_ENABLE_MODULES = YES;
				CLANG_ENABLE_OBJC_ARC = YES;
				CLANG_ENABLE_OBJC_WEAK = YES;
				CLANG_WARN_BLOCK_CAPTURE_AUTORELEASING = YES;
				CLANG_WARN_BOOL_CONVERSION = YES;
				CLANG_WARN_COMMA = YES;
				CLANG_WARN_CONSTANT_CONVERSION = YES;
				CLANG_WARN_DEPRECATED_OBJC_IMPLEMENTATIONS = YES;
				CLANG_WARN_DIRECT_OBJC_ISA_USAGE = YES_ERROR;
				CLANG_WARN_DOCUMENTATION_COMMENTS = YES;
				CLANG_WARN_EMPTY_BODY = YES;
				CLANG_WARN_ENUM_CONVERSION = YES;
				CLANG_WARN_INFINITE_RECURSION = YES;
				CLANG_WARN_INT_CONVERSION = YES;
				CLANG_WARN_NON_LITERAL_NULL_CONVERSION = YES;
				CLANG_WARN_OBJC_IMPLICIT_RETAIN_SELF = YES;
				CLANG_WARN_OBJC_LITERAL_CONVERSION = YES;
				CLANG_WARN_OBJC_ROOT_CLASS = YES_ERROR;
				CLANG_WARN_QUOTED_INCLUDE_IN_FRAMEWORK_HEADER = YES;
				CLANG_WARN_RANGE_LOOP_ANALYSIS = YES;
				CLANG_WARN_STRICT_PROTOTYPES = YES;
				CLANG_WARN_SUSPICIOUS_MOVE = YES;
				CLANG_WARN_UNGUARDED_AVAILABILITY = YES_AGGRESSIVE;
				CLANG_WARN_UNREACHABLE_CODE = YES;
				CLANG_WARN__DUPLICATE_METHOD_MATCH = YES;
				COPY_PHASE_STRIP = NO;
				DEBUG_INFORMATION_FORMAT = "dwarf-with-dsym";
				ENABLE_NS_ASSERTIONS = NO;
				ENABLE_STRICT_OBJC_MSGSEND = YES;
				ENABLE_USER_SCRIPT_SANDBOXING = YES;
				GCC_C_LANGUAGE_STANDARD = gnu17;
				GCC_NO_COMMON_BLOCKS = YES;
				GCC_WARN_64_TO_32_BIT_CONVERSION = YES;
				GCC_WARN_ABOUT_RETURN_TYPE = YES_ERROR;
				GCC_WARN_UNDECLARED_SELECTOR = YES;
				GCC_WARN_UNINITIALIZED_AUTOS = YES_AGGRESSIVE;
				GCC_WARN_UNUSED_FUNCTION = YES;
				GCC_WARN_UNUSED_VARIABLE = YES;
				IPHONEOS_DEPLOYMENT_TARGET = 17.0;
				LOCALIZATION_PREFERS_STRING_CATALOGS = YES;
				MTL_ENABLE_DEBUG_INFO = NO;
				MTL_FAST_MATH = YES;
				SDKROOT = iphoneos;
				SWIFT_COMPILATION_MODE = wholemodule;
				VALIDATE_PRODUCT = YES;
			};
			name = Release;
		};
		183EC5872B12184C00848FE2 /* Debug */ = {
			isa = XCBuildConfiguration;
			buildSettings = {
				ASSETCATALOG_COMPILER_APPICON_NAME = AppIcon;
				ASSETCATALOG_COMPILER_GLOBAL_ACCENT_COLOR_NAME = AccentColor;
				CODE_SIGN_STYLE = Automatic;
				CURRENT_PROJECT_VERSION = 1;
				DEVELOPMENT_ASSET_PATHS = "\"OpenAI-TTS/Preview Content\"";
				DEVELOPMENT_TEAM = 2R8AHR37XC;
				ENABLE_PREVIEWS = YES;
				GENERATE_INFOPLIST_FILE = YES;
				INFOPLIST_KEY_UIApplicationSceneManifest_Generation = YES;
				INFOPLIST_KEY_UIApplicationSupportsIndirectInputEvents = YES;
				INFOPLIST_KEY_UILaunchScreen_Generation = YES;
				INFOPLIST_KEY_UISupportedInterfaceOrientations_iPad = "UIInterfaceOrientationPortrait UIInterfaceOrientationPortraitUpsideDown UIInterfaceOrientationLandscapeLeft UIInterfaceOrientationLandscapeRight";
				INFOPLIST_KEY_UISupportedInterfaceOrientations_iPhone = "UIInterfaceOrientationPortrait UIInterfaceOrientationLandscapeLeft UIInterfaceOrientationLandscapeRight";
				LD_RUNPATH_SEARCH_PATHS = (
					"$(inherited)",
					"@executable_path/Frameworks",
				);
				MARKETING_VERSION = 1.0;
				PRODUCT_BUNDLE_IDENTIFIER = "com.voostlab.openai-tts";
				PRODUCT_NAME = "$(TARGET_NAME)";
				SWIFT_EMIT_LOC_STRINGS = YES;
				SWIFT_VERSION = 5.0;
				TARGETED_DEVICE_FAMILY = "1,2";
			};
			name = Debug;
		};
		183EC5882B12184C00848FE2 /* Release */ = {
			isa = XCBuildConfiguration;
			buildSettings = {
				ASSETCATALOG_COMPILER_APPICON_NAME = AppIcon;
				ASSETCATALOG_COMPILER_GLOBAL_ACCENT_COLOR_NAME = AccentColor;
				CODE_SIGN_STYLE = Automatic;
				CURRENT_PROJECT_VERSION = 1;
				DEVELOPMENT_ASSET_PATHS = "\"OpenAI-TTS/Preview Content\"";
				DEVELOPMENT_TEAM = 2R8AHR37XC;
				ENABLE_PREVIEWS = YES;
				GENERATE_INFOPLIST_FILE = YES;
				INFOPLIST_KEY_UIApplicationSceneManifest_Generation = YES;
				INFOPLIST_KEY_UIApplicationSupportsIndirectInputEvents = YES;
				INFOPLIST_KEY_UILaunchScreen_Generation = YES;
				INFOPLIST_KEY_UISupportedInterfaceOrientations_iPad = "UIInterfaceOrientationPortrait UIInterfaceOrientationPortraitUpsideDown UIInterfaceOrientationLandscapeLeft UIInterfaceOrientationLandscapeRight";
				INFOPLIST_KEY_UISupportedInterfaceOrientations_iPhone = "UIInterfaceOrientationPortrait UIInterfaceOrientationLandscapeLeft UIInterfaceOrientationLandscapeRight";
				LD_RUNPATH_SEARCH_PATHS = (
					"$(inherited)",
					"@executable_path/Frameworks",
				);
				MARKETING_VERSION = 1.0;
				PRODUCT_BUNDLE_IDENTIFIER = "com.voostlab.openai-tts";
				PRODUCT_NAME = "$(TARGET_NAME)";
				SWIFT_EMIT_LOC_STRINGS = YES;
				SWIFT_VERSION = 5.0;
				TARGETED_DEVICE_FAMILY = "1,2";
			};
			name = Release;
		};
		183EC58A2B12184C00848FE2 /* Debug */ = {
			isa = XCBuildConfiguration;
			buildSettings = {
				ALWAYS_EMBED_SWIFT_STANDARD_LIBRARIES = YES;
				BUNDLE_LOADER = "$(TEST_HOST)";
				CODE_SIGN_STYLE = Automatic;
				CURRENT_PROJECT_VERSION = 1;
				DEVELOPMENT_TEAM = X2H5KNJ59J;
				GENERATE_INFOPLIST_FILE = YES;
				IPHONEOS_DEPLOYMENT_TARGET = 17.0;
				MARKETING_VERSION = 1.0;
				PRODUCT_BUNDLE_IDENTIFIER = "com.seiyatakahashi.openaitranslator.OpenAI-TTSTests";
				PRODUCT_NAME = "$(TARGET_NAME)";
				SWIFT_EMIT_LOC_STRINGS = NO;
				SWIFT_VERSION = 5.0;
				TARGETED_DEVICE_FAMILY = "1,2";
				TEST_HOST = "$(BUILT_PRODUCTS_DIR)/OpenAI-TTS.app/$(BUNDLE_EXECUTABLE_FOLDER_PATH)/OpenAI-TTS";
			};
			name = Debug;
		};
		183EC58B2B12184C00848FE2 /* Release */ = {
			isa = XCBuildConfiguration;
			buildSettings = {
				ALWAYS_EMBED_SWIFT_STANDARD_LIBRARIES = YES;
				BUNDLE_LOADER = "$(TEST_HOST)";
				CODE_SIGN_STYLE = Automatic;
				CURRENT_PROJECT_VERSION = 1;
				DEVELOPMENT_TEAM = X2H5KNJ59J;
				GENERATE_INFOPLIST_FILE = YES;
				IPHONEOS_DEPLOYMENT_TARGET = 17.0;
				MARKETING_VERSION = 1.0;
				PRODUCT_BUNDLE_IDENTIFIER = "com.seiyatakahashi.openaitranslator.OpenAI-TTSTests";
				PRODUCT_NAME = "$(TARGET_NAME)";
				SWIFT_EMIT_LOC_STRINGS = NO;
				SWIFT_VERSION = 5.0;
				TARGETED_DEVICE_FAMILY = "1,2";
				TEST_HOST = "$(BUILT_PRODUCTS_DIR)/OpenAI-TTS.app/$(BUNDLE_EXECUTABLE_FOLDER_PATH)/OpenAI-TTS";
			};
			name = Release;
		};
		183EC58D2B12184C00848FE2 /* Debug */ = {
			isa = XCBuildConfiguration;
			buildSettings = {
				ALWAYS_EMBED_SWIFT_STANDARD_LIBRARIES = YES;
				CODE_SIGN_STYLE = Automatic;
				CURRENT_PROJECT_VERSION = 1;
				DEVELOPMENT_TEAM = X2H5KNJ59J;
				GENERATE_INFOPLIST_FILE = YES;
				MARKETING_VERSION = 1.0;
				PRODUCT_BUNDLE_IDENTIFIER = "com.seiyatakahashi.openaitranslator.OpenAI-TTSUITests";
				PRODUCT_NAME = "$(TARGET_NAME)";
				SWIFT_EMIT_LOC_STRINGS = NO;
				SWIFT_VERSION = 5.0;
				TARGETED_DEVICE_FAMILY = "1,2";
				TEST_TARGET_NAME = "OpenAI-TTS";
			};
			name = Debug;
		};
		183EC58E2B12184C00848FE2 /* Release */ = {
			isa = XCBuildConfiguration;
			buildSettings = {
				ALWAYS_EMBED_SWIFT_STANDARD_LIBRARIES = YES;
				CODE_SIGN_STYLE = Automatic;
				CURRENT_PROJECT_VERSION = 1;
				DEVELOPMENT_TEAM = X2H5KNJ59J;
				GENERATE_INFOPLIST_FILE = YES;
				MARKETING_VERSION = 1.0;
				PRODUCT_BUNDLE_IDENTIFIER = "com.seiyatakahashi.openaitranslator.OpenAI-TTSUITests";
				PRODUCT_NAME = "$(TARGET_NAME)";
				SWIFT_EMIT_LOC_STRINGS = NO;
				SWIFT_VERSION = 5.0;
				TARGETED_DEVICE_FAMILY = "1,2";
				TEST_TARGET_NAME = "OpenAI-TTS";
			};
			name = Release;
		};
/* End XCBuildConfiguration section */

/* Begin XCConfigurationList section */
		183EC55D2B12184B00848FE2 /* Build configuration list for PBXProject "OpenAI-TTS" */ = {
			isa = XCConfigurationList;
			buildConfigurations = (
				183EC5842B12184C00848FE2 /* Debug */,
				183EC5852B12184C00848FE2 /* Release */,
			);
			defaultConfigurationIsVisible = 0;
			defaultConfigurationName = Release;
		};
		183EC5862B12184C00848FE2 /* Build configuration list for PBXNativeTarget "OpenAI-TTS" */ = {
			isa = XCConfigurationList;
			buildConfigurations = (
				183EC5872B12184C00848FE2 /* Debug */,
				183EC5882B12184C00848FE2 /* Release */,
			);
			defaultConfigurationIsVisible = 0;
			defaultConfigurationName = Release;
		};
		183EC5892B12184C00848FE2 /* Build configuration list for PBXNativeTarget "OpenAI-TTSTests" */ = {
			isa = XCConfigurationList;
			buildConfigurations = (
				183EC58A2B12184C00848FE2 /* Debug */,
				183EC58B2B12184C00848FE2 /* Release */,
			);
			defaultConfigurationIsVisible = 0;
			defaultConfigurationName = Release;
		};
		183EC58C2B12184C00848FE2 /* Build configuration list for PBXNativeTarget "OpenAI-TTSUITests" */ = {
			isa = XCConfigurationList;
			buildConfigurations = (
				183EC58D2B12184C00848FE2 /* Debug */,
				183EC58E2B12184C00848FE2 /* Release */,
			);
			defaultConfigurationIsVisible = 0;
			defaultConfigurationName = Release;
		};
/* End XCConfigurationList section */
	};
	rootObject = 183EC55A2B12184B00848FE2 /* Project object */;
}
